
Microsoft Visual Studio Solution File, Format Version 12.00
# Visual Studio Version 17
VisualStudioVersion = 17.9.34728.123
MinimumVisualStudioVersion = 10.0.40219.1
Project("{8BC9CEB8-8B4A-11D0-8D11-00A0C91BC942}") = "TableServer", "TableServer.vcxproj", "{14343A56-F485-4737-8D5A-BF984CADC020}"
EndProject
Global
	GlobalSection(SolutionConfigurationPlatforms) = preSolution
		Debug|x64 = Debug|x64
		Debug|x86 = Debug|x86
		Release|x64 = Release|x64
		Release|x86 = Release|x86
	EndGlobalSection
	GlobalSection(ProjectConfigurationPlatforms) = postSolution
		{14343A56-F485-4737-8D5A-BF984CADC020}.Debug|x64.ActiveCfg = Debug|x64
		{14343A56-F485-4737-8D5A-BF984CADC020}.Debug|x64.Build.0 = Debug|x64
		{14343A56-F485-4737-8D5A-BF984CADC020}.Debug|x86.ActiveCfg = Debug|Win32
		{14343A56-F485-4737-8D5A-BF984CADC020}.Debug|x86.Build.0 = Debug|Win32
		{14343A56-F485-4737-8D5A-BF984CADC020}.Release|x64.ActiveCfg = Release|x64
		{14343A56-F485-4737-8D5A-BF984CADC020}.Release|x64.Build.0 = Release|x64
		{14343A56-F485-4737-8D5A-BF984CADC020}.Release|x86.ActiveCfg = Release|Win32
		{14343A56-F485-4737-8D5A-BF984CADC020}.Release|x86.Build.0 = Release|Win32
	EndGlobalSection
	GlobalSection(SolutionProperties) = preSolution
		HideSolutionNode = FALSE
	EndGlobalSection
	GlobalSection(ExtensibilityGlobals) = postSolution
		SolutionGuid = {14D45591-A118-4CE4-A83A-E30FD040C59E}
	EndGlobalSection
EndGlobal
